
Microsoft Visual Studio Solution File, Format Version 12.00
# Visual Studio 15
Project("{FAE04EC0-301F-11D3-BF4B-00C04F79EFBC}") = "UFW-NFO", "UFW-NFO\UFW-NFO.csproj", "{8D89C2DA-FF72-42EB-AE77-F89FA11400C1}"
EndProject
Global
	GlobalSection(SolutionConfigurationPlatforms) = preSolution
		Debug|Any CPU = Debug|Any CPU
		Release|Any CPU = Release|Any CPU
	EndGlobalSection
	GlobalSection(ProjectConfigurationPlatforms) = postSolution
		{8D89C2DA-FF72-42EB-AE77-F89FA11400C1}.Debug|Any CPU.ActiveCfg = Debug|Any CPU
		{8D89C2DA-FF72-42EB-AE77-F89FA11400C1}.Debug|Any CPU.Build.0 = Debug|Any CPU
		{8D89C2DA-FF72-42EB-AE77-F89FA11400C1}.Release|Any CPU.ActiveCfg = Release|Any CPU
		{8D89C2DA-FF72-42EB-AE77-F89FA11400C1}.Release|Any CPU.Build.0 = Release|Any CPU
	EndGlobalSection
EndGlobal
